github.com/sagernet/sing v0.4.3 h1:Ty/NAiNnVd6844k7ujlL5lkzydhcTH5Psc432jXA4Y8=
github.com/sagernet/sing v0.4.3/go.mod h1:ieZHA/+Y9YZfXs2I3WtuwgyCZ6GPsIR7HdKb1SdEnls=
golang.org/x/net v0.29.0 h1:5ORfpBpCs4HzDYoodCDBbwHzdR5UrLBZ3sOnUJmFoHo=
golang.org/x/net v0.29.0/go.mod h1:gLkgy8jTGERgjzMic6DS9+SP0ajcu6Xu3Orq/SpETg0=
golang.org/x/sys v0.25.0 h1:r+8e+loiHxRqhXVl6ML1nO3l1+oFoWbnlu2Ehimmi34=
golang.org/x/sys v0.25.0/go.mod h1:/VUhepiaJMQUp4+oa/7Zr1D23ma6VTLIYjOOTFZPUcA=
